<?xml version="1.0" encoding="UTF-8" standalone="yes" ?>
<CodeBlocks_project_file>
	<FileVersion major="1" minor="6" />
	<Project>
		<Option title="opencv_ocr_test" />
		<Option pch_mode="2" />
		<Option compiler="gcc" />
		<Build>
			<Target title="Debug">
				<Option output="bin/Debug/opencv_ocr_test" prefix_auto="1" extension_auto="1" />
				<Option object_output="obj/Debug/" />
				<Option type="1" />
				<Option compiler="gcc" />
				<Compiler>
					<Add option="-std=c++11" />
					<Add option="-g" />
					<Add option="-D__GET_EDGE_DATA__" />
					<Add directory="include" />
					<Add directory="include/thin" />
					<Add directory="include/recog" />
					<Add directory="recog" />
				</Compiler>
				<Linker>
					<Add option="`pkg-config --cflags --libs opencv`" />
				</Linker>
			</Target>
			<Target title="Release">
				<Option output="bin/Release/opencv_ocr_test" prefix_auto="1" extension_auto="1" />
				<Option object_output="obj/Release/" />
				<Option type="0" />
				<Option compiler="gcc" />
				<Compiler>
					<Add option="-O2" />
					<Add option="-s" />
					<Add directory="include" />
					<Add directory="include/thin" />
					<Add directory="include/recog" />
					<Add directory="recog" />
				</Compiler>
			</Target>
		</Build>
		<Compiler>
			<Add option="`opencv-config --cxxflags`" />
		</Compiler>
		<Linker>
			<Add option="`opencv-config --ldstaticflags`" />
		</Linker>
		<Unit filename="include/Common.h" />
		<Unit filename="include/PreProcess.cpp" />
		<Unit filename="include/PreProcess.h" />
		<Unit filename="include/crop/LicenseCropper.hpp" />
		<Unit filename="include/recog/DepthVectorHelper.cpp" />
		<Unit filename="include/recog/DepthVectorHelper.h" />
		<Unit filename="include/recog/Distinguishers.hpp" />
		<Unit filename="include/recog/GetCos.hpp" />
		<Unit filename="include/recog/JudgeChar.cpp" />
		<Unit filename="include/recog/JudgeChar.h" />
		<Unit filename="include/resource/std_depth_data.h" />
		<Unit filename="include/resource/std_depth_data_with_edge.h" />
		<Unit filename="include/thin/Thin.cpp" />
		<Unit filename="include/thin/Thin.h" />
		<Unit filename="main.cpp" />
		<Extensions>
			<code_completion />
			<debugger />
		</Extensions>
	</Project>
</CodeBlocks_project_file>
